
Microsoft Visual Studio Solution File, Format Version 12.00
# Visual Studio Version 17
VisualStudioVersion = 17.8.34511.84
MinimumVisualStudioVersion = 10.0.40219.1
Project("{FAE04EC0-301F-11D3-BF4B-00C04F79EFBC}") = "asyncdatabase", "asyncdatabase\asyncdatabase.csproj", "{C20B716A-355C-4059-B97C-9BF0DDC5DA5F}"
EndProject
Global
	GlobalSection(SolutionConfigurationPlatforms) = preSolution
		Debug|Any CPU = Debug|Any CPU
		Release|Any CPU = Release|Any CPU
	EndGlobalSection
	GlobalSection(ProjectConfigurationPlatforms) = postSolution
		{C20B716A-355C-4059-B97C-9BF0DDC5DA5F}.Debug|Any CPU.ActiveCfg = Debug|Any CPU
		{C20B716A-355C-4059-B97C-9BF0DDC5DA5F}.Debug|Any CPU.Build.0 = Debug|Any CPU
		{C20B716A-355C-4059-B97C-9BF0DDC5DA5F}.Release|Any CPU.ActiveCfg = Release|Any CPU
		{C20B716A-355C-4059-B97C-9BF0DDC5DA5F}.Release|Any CPU.Build.0 = Release|Any CPU
	EndGlobalSection
	GlobalSection(SolutionProperties) = preSolution
		HideSolutionNode = FALSE
	EndGlobalSection
	GlobalSection(ExtensibilityGlobals) = postSolution
		SolutionGuid = {4188A3EB-9210-4E4A-A804-7EEB4D4BC1A6}
	EndGlobalSection
EndGlobal
